
Microsoft Visual Studio Solution File, Format Version 12.00
Project("{FAE04EC0-301F-11D3-BF4B-00C04F79EFBC}") = "EmailValidator", "EmailValidator\EmailValidator.csproj", "{5566E674-EA31-4348-8653-936E6F0CDC4F}"
EndProject
Project("{FAE04EC0-301F-11D3-BF4B-00C04F79EFBC}") = "EmailValidatorTests", "EmailValidatorTests\EmailValidatorTests.csproj", "{E01D988D-978C-4AEA-A3C5-9C159ADF59CB}"
EndProject
Global
	GlobalSection(SolutionConfigurationPlatforms) = preSolution
		Debug|Any CPU = Debug|Any CPU
		Release|Any CPU = Release|Any CPU
	EndGlobalSection
	GlobalSection(ProjectConfigurationPlatforms) = postSolution
		{5566E674-EA31-4348-8653-936E6F0CDC4F}.Debug|Any CPU.ActiveCfg = Debug|Any CPU
		{5566E674-EA31-4348-8653-936E6F0CDC4F}.Debug|Any CPU.Build.0 = Debug|Any CPU
		{5566E674-EA31-4348-8653-936E6F0CDC4F}.Release|Any CPU.ActiveCfg = Release|Any CPU
		{5566E674-EA31-4348-8653-936E6F0CDC4F}.Release|Any CPU.Build.0 = Release|Any CPU
		{E01D988D-978C-4AEA-A3C5-9C159ADF59CB}.Debug|Any CPU.ActiveCfg = Debug|Any CPU
		{E01D988D-978C-4AEA-A3C5-9C159ADF59CB}.Debug|Any CPU.Build.0 = Debug|Any CPU
		{E01D988D-978C-4AEA-A3C5-9C159ADF59CB}.Release|Any CPU.ActiveCfg = Release|Any CPU
		{E01D988D-978C-4AEA-A3C5-9C159ADF59CB}.Release|Any CPU.Build.0 = Release|Any CPU
	EndGlobalSection
EndGlobal
